
Microsoft Visual Studio Solution File, Format Version 12.00
# Visual Studio Version 16
VisualStudioVersion = 16.0.32228.343
MinimumVisualStudioVersion = 10.0.40219.1
Project("{FAE04EC0-301F-11D3-BF4B-00C04F79EFBC}") = "homework2", "homework2\homework2.csproj", "{98804DA4-6D58-4233-8786-A5FF5AD11882}"
EndProject
Global
	GlobalSection(SolutionConfigurationPlatforms) = preSolution
		Debug|Any CPU = Debug|Any CPU
		Release|Any CPU = Release|Any CPU
	EndGlobalSection
	GlobalSection(ProjectConfigurationPlatforms) = postSolution
		{98804DA4-6D58-4233-8786-A5FF5AD11882}.Debug|Any CPU.ActiveCfg = Debug|Any CPU
		{98804DA4-6D58-4233-8786-A5FF5AD11882}.Debug|Any CPU.Build.0 = Debug|Any CPU
		{98804DA4-6D58-4233-8786-A5FF5AD11882}.Release|Any CPU.ActiveCfg = Release|Any CPU
		{98804DA4-6D58-4233-8786-A5FF5AD11882}.Release|Any CPU.Build.0 = Release|Any CPU
	EndGlobalSection
	GlobalSection(SolutionProperties) = preSolution
		HideSolutionNode = FALSE
	EndGlobalSection
	GlobalSection(ExtensibilityGlobals) = postSolution
		SolutionGuid = {E76E65BC-7A8F-4D15-8268-9606BFED6FDA}
	EndGlobalSection
EndGlobal
